Microsoft Visual Studio Solution File, Format Version 11.00
# Visual Studio 2008

Project("{32A1BF2F-284D-E3D0-700D-D60795DCEF30}") = "Easy3D-Project", "Assembly-CSharp.csproj", "{A94F03B1-FB21-EA81-5F21-646F24714091}"
EndProject
Global
	GlobalSection(SolutionConfigurationPlatforms) = preSolution
		Debug|Any CPU = Debug|Any CPU
		Release|Any CPU = Release|Any CPU
	EndGlobalSection
	GlobalSection(ProjectConfigurationPlatforms) = postSolution
		{A94F03B1-FB21-EA81-5F21-646F24714091}.Debug|Any CPU.ActiveCfg = Debug|Any CPU
		{A94F03B1-FB21-EA81-5F21-646F24714091}.Debug|Any CPU.Build.0 = Debug|Any CPU
		{A94F03B1-FB21-EA81-5F21-646F24714091}.Release|Any CPU.ActiveCfg = Release|Any CPU
		{A94F03B1-FB21-EA81-5F21-646F24714091}.Release|Any CPU.Build.0 = Release|Any CPU
	EndGlobalSection
	GlobalSection(SolutionProperties) = preSolution
		HideSolutionNode = FALSE
	EndGlobalSection
									GlobalSection(MonoDevelopProperties) = preSolution
		StartupItem = Assembly-CSharp.csproj
	EndGlobalSection
EndGlobal
